
Microsoft Visual Studio Solution File, Format Version 12.00
# Visual Studio Version 17
VisualStudioVersion = 17.8.34525.116
MinimumVisualStudioVersion = 10.0.40219.1
Project("{9A19103F-16F7-4668-BE54-9A1E7A4F7556}") = "Pri.Api.Music.Web", "Pri.Api.Music.Web\Pri.Api.Music.Web.csproj", "{75B058D7-C3BA-4D73-87F8-66AD9C0212AE}"
EndProject
Project("{9A19103F-16F7-4668-BE54-9A1E7A4F7556}") = "Pri.Api.Music.Core", "Pri.Api.Music.Core\Pri.Api.Music.Core.csproj", "{61D2A538-9202-443C-939D-6DE62081CEF8}"
EndProject
Project("{9A19103F-16F7-4668-BE54-9A1E7A4F7556}") = "Pri.Api.Music.Infrastructure", "Pri.Api.Music.Infrastructure\Pri.Api.Music.Infrastructure.csproj", "{907DBBD3-0E3A-49D1-AEF1-DBC4D3F8EAD1}"
EndProject
Project("{FAE04EC0-301F-11D3-BF4B-00C04F79EFBC}") = "Pri.Api.Music.Api", "Pri.Api.Music.Api\Pri.Api.Music.Api.csproj", "{557ADE88-BE8D-478A-B029-A43591F45FB1}"
EndProject
Global
	GlobalSection(SolutionConfigurationPlatforms) = preSolution
		Debug|Any CPU = Debug|Any CPU
		Release|Any CPU = Release|Any CPU
	EndGlobalSection
	GlobalSection(ProjectConfigurationPlatforms) = postSolution
		{75B058D7-C3BA-4D73-87F8-66AD9C0212AE}.Debug|Any CPU.ActiveCfg = Debug|Any CPU
		{75B058D7-C3BA-4D73-87F8-66AD9C0212AE}.Debug|Any CPU.Build.0 = Debug|Any CPU
		{75B058D7-C3BA-4D73-87F8-66AD9C0212AE}.Release|Any CPU.ActiveCfg = Release|Any CPU
		{75B058D7-C3BA-4D73-87F8-66AD9C0212AE}.Release|Any CPU.Build.0 = Release|Any CPU
		{61D2A538-9202-443C-939D-6DE62081CEF8}.Debug|Any CPU.ActiveCfg = Debug|Any CPU
		{61D2A538-9202-443C-939D-6DE62081CEF8}.Debug|Any CPU.Build.0 = Debug|Any CPU
		{61D2A538-9202-443C-939D-6DE62081CEF8}.Release|Any CPU.ActiveCfg = Release|Any CPU
		{61D2A538-9202-443C-939D-6DE62081CEF8}.Release|Any CPU.Build.0 = Release|Any CPU
		{907DBBD3-0E3A-49D1-AEF1-DBC4D3F8EAD1}.Debug|Any CPU.ActiveCfg = Debug|Any CPU
		{907DBBD3-0E3A-49D1-AEF1-DBC4D3F8EAD1}.Debug|Any CPU.Build.0 = Debug|Any CPU
		{907DBBD3-0E3A-49D1-AEF1-DBC4D3F8EAD1}.Release|Any CPU.ActiveCfg = Release|Any CPU
		{907DBBD3-0E3A-49D1-AEF1-DBC4D3F8EAD1}.Release|Any CPU.Build.0 = Release|Any CPU
		{557ADE88-BE8D-478A-B029-A43591F45FB1}.Debug|Any CPU.ActiveCfg = Debug|Any CPU
		{557ADE88-BE8D-478A-B029-A43591F45FB1}.Debug|Any CPU.Build.0 = Debug|Any CPU
		{557ADE88-BE8D-478A-B029-A43591F45FB1}.Release|Any CPU.ActiveCfg = Release|Any CPU
		{557ADE88-BE8D-478A-B029-A43591F45FB1}.Release|Any CPU.Build.0 = Release|Any CPU
	EndGlobalSection
	GlobalSection(SolutionProperties) = preSolution
		HideSolutionNode = FALSE
	EndGlobalSection
	GlobalSection(ExtensibilityGlobals) = postSolution
		SolutionGuid = {39346E0B-8647-4FF9-A341-D82B7176D399}
	EndGlobalSection
EndGlobal
